
Microsoft Visual Studio Solution File, Format Version 12.00
# Visual Studio Version 17
Project("{2150E333-8FDC-42A3-9474-1A3956D46DE8}") = "CMakePredefinedTargets", "CMakePredefinedTargets", "{6BF5DCAE-BB2B-38B4-9984-BAA8DFEDD77C}"
EndProject
Project("{2150E333-8FDC-42A3-9474-1A3956D46DE8}") = "GLFW3", "GLFW3", "{7E8C70A0-E912-33ED-A460-406DC3C96B73}"
EndProject
Project("{2150E333-8FDC-42A3-9474-1A3956D46DE8}") = "Examples", "GLFW3\Examples", "{2259D9F2-8A79-30DA-8D2F-DF2B8D0D388F}"
EndProject
Project("{2150E333-8FDC-42A3-9474-1A3956D46DE8}") = "Tests", "GLFW3\Tests", "{3E52E945-E7A6-333F-A5BB-8DFDE9F1684D}"
EndProject
Project("{8BC9CEB8-8B4A-11D0-8D11-00A0C91BC942}") = "ALL_BUILD", "ALL_BUILD.vcxproj", "{2BF38206-3A34-3178-ABDC-0293494E4235}"
	ProjectSection(ProjectDependencies) = postProject
		{25817F52-A7EB-3D25-9FCD-0F7BC0CF5A36} = {25817F52-A7EB-3D25-9FCD-0F7BC0CF5A36}
		{98552D52-5CF5-3359-8A40-F77F748784F0} = {98552D52-5CF5-3359-8A40-F77F748784F0}
		{13E8C0D4-E0E5-3810-BCC0-FCDA4E5B9587} = {13E8C0D4-E0E5-3810-BCC0-FCDA4E5B9587}
		{289C8B88-ED4F-345D-8495-2420F5C269B0} = {289C8B88-ED4F-345D-8495-2420F5C269B0}
		{D4A428A9-7009-325A-A3D7-3DB58A62AEA4} = {D4A428A9-7009-325A-A3D7-3DB58A62AEA4}
		{B48089F4-2C5D-3837-9370-6693367EFEAF} = {B48089F4-2C5D-3837-9370-6693367EFEAF}
		{9CDBF5E0-9F7F-3940-BEBA-B42B2B62E059} = {9CDBF5E0-9F7F-3940-BEBA-B42B2B62E059}
		{6B5EBD96-C06A-3203-80BE-12A1D70529F4} = {6B5EBD96-C06A-3203-80BE-12A1D70529F4}
		{25D382CF-4F10-36BA-A27D-C88A1C32CCB2} = {25D382CF-4F10-36BA-A27D-C88A1C32CCB2}
		{A9D6395F-602D-3C75-A138-985C646E32DF} = {A9D6395F-602D-3C75-A138-985C646E32DF}
		{734E1E61-EA04-3936-BC5D-6E5A15277EDD} = {734E1E61-EA04-3936-BC5D-6E5A15277EDD}
		{8DEBA803-147A-337D-B3D7-89C68736709C} = {8DEBA803-147A-337D-B3D7-89C68736709C}
		{785A03D3-A5D4-3195-84AC-6A1512A81957} = {785A03D3-A5D4-3195-84AC-6A1512A81957}
		{75376F95-A931-3EAA-86E6-EF7395A7312F} = {75376F95-A931-3EAA-86E6-EF7395A7312F}
		{DA53CD91-3587-3EFD-BE4A-3D837E22DA29} = {DA53CD91-3587-3EFD-BE4A-3D837E22DA29}
		{18DA13DD-5184-3A82-8582-C0D4FCA9DC63} = {18DA13DD-5184-3A82-8582-C0D4FCA9DC63}
		{97F48E4B-079B-3E51-B714-76914F996976} = {97F48E4B-079B-3E51-B714-76914F996976}
		{98072B84-2369-37D0-84AD-9262CA1037A7} = {98072B84-2369-37D0-84AD-9262CA1037A7}
		{5CE17776-9EFA-3184-B0D8-996633237A53} = {5CE17776-9EFA-3184-B0D8-996633237A53}
		{AEFD9330-E5BB-35BA-A694-4514BA16761A} = {AEFD9330-E5BB-35BA-A694-4514BA16761A}
		{C09A83CB-FAE8-39E8-9DDE-892ECDCA83BF} = {C09A83CB-FAE8-39E8-9DDE-892ECDCA83BF}
		{693852C3-0EB7-35AC-9C55-F4D2190848CC} = {693852C3-0EB7-35AC-9C55-F4D2190848CC}
		{7A4FBB29-0651-3744-9048-553AEEAFAA09} = {7A4FBB29-0651-3744-9048-553AEEAFAA09}
		{C8BF0CB1-D4EF-3EED-B80A-9E32565352BD} = {C8BF0CB1-D4EF-3EED-B80A-9E32565352BD}
		{8F8D6A94-CB1A-333F-AFE2-4A464903D377} = {8F8D6A94-CB1A-333F-AFE2-4A464903D377}
		{9B915B4C-8217-39B7-B48C-FA1B9DF21E3F} = {9B915B4C-8217-39B7-B48C-FA1B9DF21E3F}
		{8C536D28-C2C2-3C8C-8A06-C73CFDE6A24F} = {8C536D28-C2C2-3C8C-8A06-C73CFDE6A24F}
		{F9E5471B-4B1A-347A-B6D4-7352AF8DE6A0} = {F9E5471B-4B1A-347A-B6D4-7352AF8DE6A0}
		{5E898F5F-A198-3C89-885B-EBBA01A378B3} = {5E898F5F-A198-3C89-885B-EBBA01A378B3}
		{29B36C97-FD4E-3B53-82D9-5807DB995376} = {29B36C97-FD4E-3B53-82D9-5807DB995376}
		{B93B4A9B-3454-3EC1-9B62-BB81FE0419BE} = {B93B4A9B-3454-3EC1-9B62-BB81FE0419BE}
		{7687A49F-91BB-3874-9A04-38C09D2E4435} = {7687A49F-91BB-3874-9A04-38C09D2E4435}
	EndProjectSection
EndProject
Project("{8BC9CEB8-8B4A-11D0-8D11-00A0C91BC942}") = "INSTALL", "INSTALL.vcxproj", "{47341A03-C7CD-3657-840C-EB10049AB7CE}"
	ProjectSection(ProjectDependencies) = postProject
		{2BF38206-3A34-3178-ABDC-0293494E4235} = {2BF38206-3A34-3178-ABDC-0293494E4235}
		{25817F52-A7EB-3D25-9FCD-0F7BC0CF5A36} = {25817F52-A7EB-3D25-9FCD-0F7BC0CF5A36}
	EndProjectSection
EndProject
Project("{8BC9CEB8-8B4A-11D0-8D11-00A0C91BC942}") = "ZERO_CHECK", "ZERO_CHECK.vcxproj", "{25817F52-A7EB-3D25-9FCD-0F7BC0CF5A36}"
	ProjectSection(ProjectDependencies) = postProject
	EndProjectSection
EndProject
Project("{8BC9CEB8-8B4A-11D0-8D11-00A0C91BC942}") = "boing", "examples\boing.vcxproj", "{98552D52-5CF5-3359-8A40-F77F748784F0}"
	ProjectSection(ProjectDependencies) = postProject
		{25817F52-A7EB-3D25-9FCD-0F7BC0CF5A36} = {25817F52-A7EB-3D25-9FCD-0F7BC0CF5A36}
		{A9D6395F-602D-3C75-A138-985C646E32DF} = {A9D6395F-602D-3C75-A138-985C646E32DF}
	EndProjectSection
EndProject
Project("{8BC9CEB8-8B4A-11D0-8D11-00A0C91BC942}") = "clipboard", "tests\clipboard.vcxproj", "{13E8C0D4-E0E5-3810-BCC0-FCDA4E5B9587}"
	ProjectSection(ProjectDependencies) = postProject
		{25817F52-A7EB-3D25-9FCD-0F7BC0CF5A36} = {25817F52-A7EB-3D25-9FCD-0F7BC0CF5A36}
		{A9D6395F-602D-3C75-A138-985C646E32DF} = {A9D6395F-602D-3C75-A138-985C646E32DF}
	EndProjectSection
EndProject
Project("{8BC9CEB8-8B4A-11D0-8D11-00A0C91BC942}") = "cursor", "tests\cursor.vcxproj", "{289C8B88-ED4F-345D-8495-2420F5C269B0}"
	ProjectSection(ProjectDependencies) = postProject
		{25817F52-A7EB-3D25-9FCD-0F7BC0CF5A36} = {25817F52-A7EB-3D25-9FCD-0F7BC0CF5A36}
		{A9D6395F-602D-3C75-A138-985C646E32DF} = {A9D6395F-602D-3C75-A138-985C646E32DF}
	EndProjectSection
EndProject
Project("{8BC9CEB8-8B4A-11D0-8D11-00A0C91BC942}") = "docs", "docs\docs.vcxproj", "{D4A428A9-7009-325A-A3D7-3DB58A62AEA4}"
	ProjectSection(ProjectDependencies) = postProject
		{25817F52-A7EB-3D25-9FCD-0F7BC0CF5A36} = {25817F52-A7EB-3D25-9FCD-0F7BC0CF5A36}
	EndProjectSection
EndProject
Project("{8BC9CEB8-8B4A-11D0-8D11-00A0C91BC942}") = "empty", "tests\empty.vcxproj", "{B48089F4-2C5D-3837-9370-6693367EFEAF}"
	ProjectSection(ProjectDependencies) = postProject
		{25817F52-A7EB-3D25-9FCD-0F7BC0CF5A36} = {25817F52-A7EB-3D25-9FCD-0F7BC0CF5A36}
		{A9D6395F-602D-3C75-A138-985C646E32DF} = {A9D6395F-602D-3C75-A138-985C646E32DF}
	EndProjectSection
EndProject
Project("{8BC9CEB8-8B4A-11D0-8D11-00A0C91BC942}") = "events", "tests\events.vcxproj", "{9CDBF5E0-9F7F-3940-BEBA-B42B2B62E059}"
	ProjectSection(ProjectDependencies) = postProject
		{25817F52-A7EB-3D25-9FCD-0F7BC0CF5A36} = {25817F52-A7EB-3D25-9FCD-0F7BC0CF5A36}
		{A9D6395F-602D-3C75-A138-985C646E32DF} = {A9D6395F-602D-3C75-A138-985C646E32DF}
	EndProjectSection
EndProject
Project("{8BC9CEB8-8B4A-11D0-8D11-00A0C91BC942}") = "gamma", "tests\gamma.vcxproj", "{6B5EBD96-C06A-3203-80BE-12A1D70529F4}"
	ProjectSection(ProjectDependencies) = postProject
		{25817F52-A7EB-3D25-9FCD-0F7BC0CF5A36} = {25817F52-A7EB-3D25-9FCD-0F7BC0CF5A36}
		{A9D6395F-602D-3C75-A138-985C646E32DF} = {A9D6395F-602D-3C75-A138-985C646E32DF}
	EndProjectSection
EndProject
Project("{8BC9CEB8-8B4A-11D0-8D11-00A0C91BC942}") = "gears", "examples\gears.vcxproj", "{25D382CF-4F10-36BA-A27D-C88A1C32CCB2}"
	ProjectSection(ProjectDependencies) = postProject
		{25817F52-A7EB-3D25-9FCD-0F7BC0CF5A36} = {25817F52-A7EB-3D25-9FCD-0F7BC0CF5A36}
		{A9D6395F-602D-3C75-A138-985C646E32DF} = {A9D6395F-602D-3C75-A138-985C646E32DF}
	EndProjectSection
EndProject
Project("{8BC9CEB8-8B4A-11D0-8D11-00A0C91BC942}") = "glfw", "src\glfw.vcxproj", "{A9D6395F-602D-3C75-A138-985C646E32DF}"
	ProjectSection(ProjectDependencies) = postProject
		{25817F52-A7EB-3D25-9FCD-0F7BC0CF5A36} = {25817F52-A7EB-3D25-9FCD-0F7BC0CF5A36}
	EndProjectSection
EndProject
Project("{8BC9CEB8-8B4A-11D0-8D11-00A0C91BC942}") = "glfwinfo", "tests\glfwinfo.vcxproj", "{734E1E61-EA04-3936-BC5D-6E5A15277EDD}"
	ProjectSection(ProjectDependencies) = postProject
		{25817F52-A7EB-3D25-9FCD-0F7BC0CF5A36} = {25817F52-A7EB-3D25-9FCD-0F7BC0CF5A36}
		{A9D6395F-602D-3C75-A138-985C646E32DF} = {A9D6395F-602D-3C75-A138-985C646E32DF}
	EndProjectSection
EndProject
Project("{8BC9CEB8-8B4A-11D0-8D11-00A0C91BC942}") = "heightmap", "examples\heightmap.vcxproj", "{8DEBA803-147A-337D-B3D7-89C68736709C}"
	ProjectSection(ProjectDependencies) = postProject
		{25817F52-A7EB-3D25-9FCD-0F7BC0CF5A36} = {25817F52-A7EB-3D25-9FCD-0F7BC0CF5A36}
		{A9D6395F-602D-3C75-A138-985C646E32DF} = {A9D6395F-602D-3C75-A138-985C646E32DF}
	EndProjectSection
EndProject
Project("{8BC9CEB8-8B4A-11D0-8D11-00A0C91BC942}") = "icon", "tests\icon.vcxproj", "{785A03D3-A5D4-3195-84AC-6A1512A81957}"
	ProjectSection(ProjectDependencies) = postProject
		{25817F52-A7EB-3D25-9FCD-0F7BC0CF5A36} = {25817F52-A7EB-3D25-9FCD-0F7BC0CF5A36}
		{A9D6395F-602D-3C75-A138-985C646E32DF} = {A9D6395F-602D-3C75-A138-985C646E32DF}
	EndProjectSection
EndProject
Project("{8BC9CEB8-8B4A-11D0-8D11-00A0C91BC942}") = "iconify", "tests\iconify.vcxproj", "{75376F95-A931-3EAA-86E6-EF7395A7312F}"
	ProjectSection(ProjectDependencies) = postProject
		{25817F52-A7EB-3D25-9FCD-0F7BC0CF5A36} = {25817F52-A7EB-3D25-9FCD-0F7BC0CF5A36}
		{A9D6395F-602D-3C75-A138-985C646E32DF} = {A9D6395F-602D-3C75-A138-985C646E32DF}
	EndProjectSection
EndProject
Project("{8BC9CEB8-8B4A-11D0-8D11-00A0C91BC942}") = "inputlag", "tests\inputlag.vcxproj", "{DA53CD91-3587-3EFD-BE4A-3D837E22DA29}"
	ProjectSection(ProjectDependencies) = postProject
		{25817F52-A7EB-3D25-9FCD-0F7BC0CF5A36} = {25817F52-A7EB-3D25-9FCD-0F7BC0CF5A36}
		{A9D6395F-602D-3C75-A138-985C646E32DF} = {A9D6395F-602D-3C75-A138-985C646E32DF}
	EndProjectSection
EndProject
Project("{8BC9CEB8-8B4A-11D0-8D11-00A0C91BC942}") = "joysticks", "tests\joysticks.vcxproj", "{18DA13DD-5184-3A82-8582-C0D4FCA9DC63}"
	ProjectSection(ProjectDependencies) = postProject
		{25817F52-A7EB-3D25-9FCD-0F7BC0CF5A36} = {25817F52-A7EB-3D25-9FCD-0F7BC0CF5A36}
		{A9D6395F-602D-3C75-A138-985C646E32DF} = {A9D6395F-602D-3C75-A138-985C646E32DF}
	EndProjectSection
EndProject
Project("{8BC9CEB8-8B4A-11D0-8D11-00A0C91BC942}") = "monitors", "tests\monitors.vcxproj", "{97F48E4B-079B-3E51-B714-76914F996976}"
	ProjectSection(ProjectDependencies) = postProject
		{25817F52-A7EB-3D25-9FCD-0F7BC0CF5A36} = {25817F52-A7EB-3D25-9FCD-0F7BC0CF5A36}
		{A9D6395F-602D-3C75-A138-985C646E32DF} = {A9D6395F-602D-3C75-A138-985C646E32DF}
	EndProjectSection
EndProject
Project("{8BC9CEB8-8B4A-11D0-8D11-00A0C91BC942}") = "msaa", "tests\msaa.vcxproj", "{98072B84-2369-37D0-84AD-9262CA1037A7}"
	ProjectSection(ProjectDependencies) = postProject
		{25817F52-A7EB-3D25-9FCD-0F7BC0CF5A36} = {25817F52-A7EB-3D25-9FCD-0F7BC0CF5A36}
		{A9D6395F-602D-3C75-A138-985C646E32DF} = {A9D6395F-602D-3C75-A138-985C646E32DF}
	EndProjectSection
EndProject
Project("{8BC9CEB8-8B4A-11D0-8D11-00A0C91BC942}") = "offscreen", "examples\offscreen.vcxproj", "{5CE17776-9EFA-3184-B0D8-996633237A53}"
	ProjectSection(ProjectDependencies) = postProject
		{25817F52-A7EB-3D25-9FCD-0F7BC0CF5A36} = {25817F52-A7EB-3D25-9FCD-0F7BC0CF5A36}
		{A9D6395F-602D-3C75-A138-985C646E32DF} = {A9D6395F-602D-3C75-A138-985C646E32DF}
	EndProjectSection
EndProject
Project("{8BC9CEB8-8B4A-11D0-8D11-00A0C91BC942}") = "opacity", "tests\opacity.vcxproj", "{AEFD9330-E5BB-35BA-A694-4514BA16761A}"
	ProjectSection(ProjectDependencies) = postProject
		{25817F52-A7EB-3D25-9FCD-0F7BC0CF5A36} = {25817F52-A7EB-3D25-9FCD-0F7BC0CF5A36}
		{A9D6395F-602D-3C75-A138-985C646E32DF} = {A9D6395F-602D-3C75-A138-985C646E32DF}
	EndProjectSection
EndProject
Project("{8BC9CEB8-8B4A-11D0-8D11-00A0C91BC942}") = "particles", "examples\particles.vcxproj", "{C09A83CB-FAE8-39E8-9DDE-892ECDCA83BF}"
	ProjectSection(ProjectDependencies) = postProject
		{25817F52-A7EB-3D25-9FCD-0F7BC0CF5A36} = {25817F52-A7EB-3D25-9FCD-0F7BC0CF5A36}
		{A9D6395F-602D-3C75-A138-985C646E32DF} = {A9D6395F-602D-3C75-A138-985C646E32DF}
	EndProjectSection
EndProject
Project("{8BC9CEB8-8B4A-11D0-8D11-00A0C91BC942}") = "reopen", "tests\reopen.vcxproj", "{693852C3-0EB7-35AC-9C55-F4D2190848CC}"
	ProjectSection(ProjectDependencies) = postProject
		{25817F52-A7EB-3D25-9FCD-0F7BC0CF5A36} = {25817F52-A7EB-3D25-9FCD-0F7BC0CF5A36}
		{A9D6395F-602D-3C75-A138-985C646E32DF} = {A9D6395F-602D-3C75-A138-985C646E32DF}
	EndProjectSection
EndProject
Project("{8BC9CEB8-8B4A-11D0-8D11-00A0C91BC942}") = "sharing", "examples\sharing.vcxproj", "{7A4FBB29-0651-3744-9048-553AEEAFAA09}"
	ProjectSection(ProjectDependencies) = postProject
		{25817F52-A7EB-3D25-9FCD-0F7BC0CF5A36} = {25817F52-A7EB-3D25-9FCD-0F7BC0CF5A36}
		{A9D6395F-602D-3C75-A138-985C646E32DF} = {A9D6395F-602D-3C75-A138-985C646E32DF}
	EndProjectSection
EndProject
Project("{8BC9CEB8-8B4A-11D0-8D11-00A0C91BC942}") = "simple", "examples\simple.vcxproj", "{C8BF0CB1-D4EF-3EED-B80A-9E32565352BD}"
	ProjectSection(ProjectDependencies) = postProject
		{25817F52-A7EB-3D25-9FCD-0F7BC0CF5A36} = {25817F52-A7EB-3D25-9FCD-0F7BC0CF5A36}
		{A9D6395F-602D-3C75-A138-985C646E32DF} = {A9D6395F-602D-3C75-A138-985C646E32DF}
	EndProjectSection
EndProject
Project("{8BC9CEB8-8B4A-11D0-8D11-00A0C91BC942}") = "splitview", "examples\splitview.vcxproj", "{8F8D6A94-CB1A-333F-AFE2-4A464903D377}"
	ProjectSection(ProjectDependencies) = postProject
		{25817F52-A7EB-3D25-9FCD-0F7BC0CF5A36} = {25817F52-A7EB-3D25-9FCD-0F7BC0CF5A36}
		{A9D6395F-602D-3C75-A138-985C646E32DF} = {A9D6395F-602D-3C75-A138-985C646E32DF}
	EndProjectSection
EndProject
Project("{8BC9CEB8-8B4A-11D0-8D11-00A0C91BC942}") = "tearing", "tests\tearing.vcxproj", "{9B915B4C-8217-39B7-B48C-FA1B9DF21E3F}"
	ProjectSection(ProjectDependencies) = postProject
		{25817F52-A7EB-3D25-9FCD-0F7BC0CF5A36} = {25817F52-A7EB-3D25-9FCD-0F7BC0CF5A36}
		{A9D6395F-602D-3C75-A138-985C646E32DF} = {A9D6395F-602D-3C75-A138-985C646E32DF}
	EndProjectSection
EndProject
Project("{8BC9CEB8-8B4A-11D0-8D11-00A0C91BC942}") = "threads", "tests\threads.vcxproj", "{8C536D28-C2C2-3C8C-8A06-C73CFDE6A24F}"
	ProjectSection(ProjectDependencies) = postProject
		{25817F52-A7EB-3D25-9FCD-0F7BC0CF5A36} = {25817F52-A7EB-3D25-9FCD-0F7BC0CF5A36}
		{A9D6395F-602D-3C75-A138-985C646E32DF} = {A9D6395F-602D-3C75-A138-985C646E32DF}
	EndProjectSection
EndProject
Project("{8BC9CEB8-8B4A-11D0-8D11-00A0C91BC942}") = "timeout", "tests\timeout.vcxproj", "{F9E5471B-4B1A-347A-B6D4-7352AF8DE6A0}"
	ProjectSection(ProjectDependencies) = postProject
		{25817F52-A7EB-3D25-9FCD-0F7BC0CF5A36} = {25817F52-A7EB-3D25-9FCD-0F7BC0CF5A36}
		{A9D6395F-602D-3C75-A138-985C646E32DF} = {A9D6395F-602D-3C75-A138-985C646E32DF}
	EndProjectSection
EndProject
Project("{8BC9CEB8-8B4A-11D0-8D11-00A0C91BC942}") = "title", "tests\title.vcxproj", "{5E898F5F-A198-3C89-885B-EBBA01A378B3}"
	ProjectSection(ProjectDependencies) = postProject
		{25817F52-A7EB-3D25-9FCD-0F7BC0CF5A36} = {25817F52-A7EB-3D25-9FCD-0F7BC0CF5A36}
		{A9D6395F-602D-3C75-A138-985C646E32DF} = {A9D6395F-602D-3C75-A138-985C646E32DF}
	EndProjectSection
EndProject
Project("{8BC9CEB8-8B4A-11D0-8D11-00A0C91BC942}") = "triangle-vulkan", "tests\triangle-vulkan.vcxproj", "{29B36C97-FD4E-3B53-82D9-5807DB995376}"
	ProjectSection(ProjectDependencies) = postProject
		{25817F52-A7EB-3D25-9FCD-0F7BC0CF5A36} = {25817F52-A7EB-3D25-9FCD-0F7BC0CF5A36}
		{A9D6395F-602D-3C75-A138-985C646E32DF} = {A9D6395F-602D-3C75-A138-985C646E32DF}
	EndProjectSection
EndProject
Project("{8BC9CEB8-8B4A-11D0-8D11-00A0C91BC942}") = "uninstall", "uninstall.vcxproj", "{9A9461A2-5D34-322C-82C3-B1E8963445C3}"
	ProjectSection(ProjectDependencies) = postProject
		{25817F52-A7EB-3D25-9FCD-0F7BC0CF5A36} = {25817F52-A7EB-3D25-9FCD-0F7BC0CF5A36}
	EndProjectSection
EndProject
Project("{8BC9CEB8-8B4A-11D0-8D11-00A0C91BC942}") = "update_mappings", "src\update_mappings.vcxproj", "{DE6E23BC-D885-39E3-A459-CC2836675EDD}"
	ProjectSection(ProjectDependencies) = postProject
		{25817F52-A7EB-3D25-9FCD-0F7BC0CF5A36} = {25817F52-A7EB-3D25-9FCD-0F7BC0CF5A36}
	EndProjectSection
EndProject
Project("{8BC9CEB8-8B4A-11D0-8D11-00A0C91BC942}") = "wave", "examples\wave.vcxproj", "{B93B4A9B-3454-3EC1-9B62-BB81FE0419BE}"
	ProjectSection(ProjectDependencies) = postProject
		{25817F52-A7EB-3D25-9FCD-0F7BC0CF5A36} = {25817F52-A7EB-3D25-9FCD-0F7BC0CF5A36}
		{A9D6395F-602D-3C75-A138-985C646E32DF} = {A9D6395F-602D-3C75-A138-985C646E32DF}
	EndProjectSection
EndProject
Project("{8BC9CEB8-8B4A-11D0-8D11-00A0C91BC942}") = "windows", "tests\windows.vcxproj", "{7687A49F-91BB-3874-9A04-38C09D2E4435}"
	ProjectSection(ProjectDependencies) = postProject
		{25817F52-A7EB-3D25-9FCD-0F7BC0CF5A36} = {25817F52-A7EB-3D25-9FCD-0F7BC0CF5A36}
		{A9D6395F-602D-3C75-A138-985C646E32DF} = {A9D6395F-602D-3C75-A138-985C646E32DF}
	EndProjectSection
EndProject
Global
	GlobalSection(SolutionConfigurationPlatforms) = preSolution
		Debug|x64 = Debug|x64
		Release|x64 = Release|x64
		MinSizeRel|x64 = MinSizeRel|x64
		RelWithDebInfo|x64 = RelWithDebInfo|x64
	EndGlobalSection
	GlobalSection(ProjectConfigurationPlatforms) = postSolution
		{2BF38206-3A34-3178-ABDC-0293494E4235}.Debug|x64.ActiveCfg = Debug|x64
		{2BF38206-3A34-3178-ABDC-0293494E4235}.Debug|x64.Build.0 = Debug|x64
		{2BF38206-3A34-3178-ABDC-0293494E4235}.Release|x64.ActiveCfg = Release|x64
		{2BF38206-3A34-3178-ABDC-0293494E4235}.Release|x64.Build.0 = Release|x64
		{2BF38206-3A34-3178-ABDC-0293494E4235}.MinSizeRel|x64.ActiveCfg = MinSizeRel|x64
		{2BF38206-3A34-3178-ABDC-0293494E4235}.MinSizeRel|x64.Build.0 = MinSizeRel|x64
		{2BF38206-3A34-3178-ABDC-0293494E4235}.RelWithDebInfo|x64.ActiveCfg = RelWithDebInfo|x64
		{2BF38206-3A34-3178-ABDC-0293494E4235}.RelWithDebInfo|x64.Build.0 = RelWithDebInfo|x64
		{47341A03-C7CD-3657-840C-EB10049AB7CE}.Debug|x64.ActiveCfg = Debug|x64
		{47341A03-C7CD-3657-840C-EB10049AB7CE}.Release|x64.ActiveCfg = Release|x64
		{47341A03-C7CD-3657-840C-EB10049AB7CE}.MinSizeRel|x64.ActiveCfg = MinSizeRel|x64
		{47341A03-C7CD-3657-840C-EB10049AB7CE}.RelWithDebInfo|x64.ActiveCfg = RelWithDebInfo|x64
		{25817F52-A7EB-3D25-9FCD-0F7BC0CF5A36}.Debug|x64.ActiveCfg = Debug|x64
		{25817F52-A7EB-3D25-9FCD-0F7BC0CF5A36}.Debug|x64.Build.0 = Debug|x64
		{25817F52-A7EB-3D25-9FCD-0F7BC0CF5A36}.Release|x64.ActiveCfg = Release|x64
		{25817F52-A7EB-3D25-9FCD-0F7BC0CF5A36}.Release|x64.Build.0 = Release|x64
		{25817F52-A7EB-3D25-9FCD-0F7BC0CF5A36}.MinSizeRel|x64.ActiveCfg = MinSizeRel|x64
		{25817F52-A7EB-3D25-9FCD-0F7BC0CF5A36}.MinSizeRel|x64.Build.0 = MinSizeRel|x64
		{25817F52-A7EB-3D25-9FCD-0F7BC0CF5A36}.RelWithDebInfo|x64.ActiveCfg = RelWithDebInfo|x64
		{25817F52-A7EB-3D25-9FCD-0F7BC0CF5A36}.RelWithDebInfo|x64.Build.0 = RelWithDebInfo|x64
		{98552D52-5CF5-3359-8A40-F77F748784F0}.Debug|x64.ActiveCfg = Debug|x64
		{98552D52-5CF5-3359-8A40-F77F748784F0}.Debug|x64.Build.0 = Debug|x64
		{98552D52-5CF5-3359-8A40-F77F748784F0}.Release|x64.ActiveCfg = Release|x64
		{98552D52-5CF5-3359-8A40-F77F748784F0}.Release|x64.Build.0 = Release|x64
		{98552D52-5CF5-3359-8A40-F77F748784F0}.MinSizeRel|x64.ActiveCfg = MinSizeRel|x64
		{98552D52-5CF5-3359-8A40-F77F748784F0}.MinSizeRel|x64.Build.0 = MinSizeRel|x64
		{98552D52-5CF5-3359-8A40-F77F748784F0}.RelWithDebInfo|x64.ActiveCfg = RelWithDebInfo|x64
		{98552D52-5CF5-3359-8A40-F77F748784F0}.RelWithDebInfo|x64.Build.0 = RelWithDebInfo|x64
		{13E8C0D4-E0E5-3810-BCC0-FCDA4E5B9587}.Debug|x64.ActiveCfg = Debug|x64
		{13E8C0D4-E0E5-3810-BCC0-FCDA4E5B9587}.Debug|x64.Build.0 = Debug|x64
		{13E8C0D4-E0E5-3810-BCC0-FCDA4E5B9587}.Release|x64.ActiveCfg = Release|x64
		{13E8C0D4-E0E5-3810-BCC0-FCDA4E5B9587}.Release|x64.Build.0 = Release|x64
		{13E8C0D4-E0E5-3810-BCC0-FCDA4E5B9587}.MinSizeRel|x64.ActiveCfg = MinSizeRel|x64
		{13E8C0D4-E0E5-3810-BCC0-FCDA4E5B9587}.MinSizeRel|x64.Build.0 = MinSizeRel|x64
		{13E8C0D4-E0E5-3810-BCC0-FCDA4E5B9587}.RelWithDebInfo|x64.ActiveCfg = RelWithDebInfo|x64
		{13E8C0D4-E0E5-3810-BCC0-FCDA4E5B9587}.RelWithDebInfo|x64.Build.0 = RelWithDebInfo|x64
		{289C8B88-ED4F-345D-8495-2420F5C269B0}.Debug|x64.ActiveCfg = Debug|x64
		{289C8B88-ED4F-345D-8495-2420F5C269B0}.Debug|x64.Build.0 = Debug|x64
		{289C8B88-ED4F-345D-8495-2420F5C269B0}.Release|x64.ActiveCfg = Release|x64
		{289C8B88-ED4F-345D-8495-2420F5C269B0}.Release|x64.Build.0 = Release|x64
		{289C8B88-ED4F-345D-8495-2420F5C269B0}.MinSizeRel|x64.ActiveCfg = MinSizeRel|x64
		{289C8B88-ED4F-345D-8495-2420F5C269B0}.MinSizeRel|x64.Build.0 = MinSizeRel|x64
		{289C8B88-ED4F-345D-8495-2420F5C269B0}.RelWithDebInfo|x64.ActiveCfg = RelWithDebInfo|x64
		{289C8B88-ED4F-345D-8495-2420F5C269B0}.RelWithDebInfo|x64.Build.0 = RelWithDebInfo|x64
		{D4A428A9-7009-325A-A3D7-3DB58A62AEA4}.Debug|x64.ActiveCfg = Debug|x64
		{D4A428A9-7009-325A-A3D7-3DB58A62AEA4}.Debug|x64.Build.0 = Debug|x64
		{D4A428A9-7009-325A-A3D7-3DB58A62AEA4}.Release|x64.ActiveCfg = Release|x64
		{D4A428A9-7009-325A-A3D7-3DB58A62AEA4}.Release|x64.Build.0 = Release|x64
		{D4A428A9-7009-325A-A3D7-3DB58A62AEA4}.MinSizeRel|x64.ActiveCfg = MinSizeRel|x64
		{D4A428A9-7009-325A-A3D7-3DB58A62AEA4}.MinSizeRel|x64.Build.0 = MinSizeRel|x64
		{D4A428A9-7009-325A-A3D7-3DB58A62AEA4}.RelWithDebInfo|x64.ActiveCfg = RelWithDebInfo|x64
		{D4A428A9-7009-325A-A3D7-3DB58A62AEA4}.RelWithDebInfo|x64.Build.0 = RelWithDebInfo|x64
		{B48089F4-2C5D-3837-9370-6693367EFEAF}.Debug|x64.ActiveCfg = Debug|x64
		{B48089F4-2C5D-3837-9370-6693367EFEAF}.Debug|x64.Build.0 = Debug|x64
		{B48089F4-2C5D-3837-9370-6693367EFEAF}.Release|x64.ActiveCfg = Release|x64
		{B48089F4-2C5D-3837-9370-6693367EFEAF}.Release|x64.Build.0 = Release|x64
		{B48089F4-2C5D-3837-9370-6693367EFEAF}.MinSizeRel|x64.ActiveCfg = MinSizeRel|x64
		{B48089F4-2C5D-3837-9370-6693367EFEAF}.MinSizeRel|x64.Build.0 = MinSizeRel|x64
		{B48089F4-2C5D-3837-9370-6693367EFEAF}.RelWithDebInfo|x64.ActiveCfg = RelWithDebInfo|x64
		{B48089F4-2C5D-3837-9370-6693367EFEAF}.RelWithDebInfo|x64.Build.0 = RelWithDebInfo|x64
		{9CDBF5E0-9F7F-3940-BEBA-B42B2B62E059}.Debug|x64.ActiveCfg = Debug|x64
		{9CDBF5E0-9F7F-3940-BEBA-B42B2B62E059}.Debug|x64.Build.0 = Debug|x64
		{9CDBF5E0-9F7F-3940-BEBA-B42B2B62E059}.Release|x64.ActiveCfg = Release|x64
		{9CDBF5E0-9F7F-3940-BEBA-B42B2B62E059}.Release|x64.Build.0 = Release|x64
		{9CDBF5E0-9F7F-3940-BEBA-B42B2B62E059}.MinSizeRel|x64.ActiveCfg = MinSizeRel|x64
		{9CDBF5E0-9F7F-3940-BEBA-B42B2B62E059}.MinSizeRel|x64.Build.0 = MinSizeRel|x64
		{9CDBF5E0-9F7F-3940-BEBA-B42B2B62E059}.RelWithDebInfo|x64.ActiveCfg = RelWithDebInfo|x64
		{9CDBF5E0-9F7F-3940-BEBA-B42B2B62E059}.RelWithDebInfo|x64.Build.0 = RelWithDebInfo|x64
		{6B5EBD96-C06A-3203-80BE-12A1D70529F4}.Debug|x64.ActiveCfg = Debug|x64
		{6B5EBD96-C06A-3203-80BE-12A1D70529F4}.Debug|x64.Build.0 = Debug|x64
		{6B5EBD96-C06A-3203-80BE-12A1D70529F4}.Release|x64.ActiveCfg = Release|x64
		{6B5EBD96-C06A-3203-80BE-12A1D70529F4}.Release|x64.Build.0 = Release|x64
		{6B5EBD96-C06A-3203-80BE-12A1D70529F4}.MinSizeRel|x64.ActiveCfg = MinSizeRel|x64
		{6B5EBD96-C06A-3203-80BE-12A1D70529F4}.MinSizeRel|x64.Build.0 = MinSizeRel|x64
		{6B5EBD96-C06A-3203-80BE-12A1D70529F4}.RelWithDebInfo|x64.ActiveCfg = RelWithDebInfo|x64
		{6B5EBD96-C06A-3203-80BE-12A1D70529F4}.RelWithDebInfo|x64.Build.0 = RelWithDebInfo|x64
		{25D382CF-4F10-36BA-A27D-C88A1C32CCB2}.Debug|x64.ActiveCfg = Debug|x64
		{25D382CF-4F10-36BA-A27D-C88A1C32CCB2}.Debug|x64.Build.0 = Debug|x64
		{25D382CF-4F10-36BA-A27D-C88A1C32CCB2}.Release|x64.ActiveCfg = Release|x64
		{25D382CF-4F10-36BA-A27D-C88A1C32CCB2}.Release|x64.Build.0 = Release|x64
		{25D382CF-4F10-36BA-A27D-C88A1C32CCB2}.MinSizeRel|x64.ActiveCfg = MinSizeRel|x64
		{25D382CF-4F10-36BA-A27D-C88A1C32CCB2}.MinSizeRel|x64.Build.0 = MinSizeRel|x64
		{25D382CF-4F10-36BA-A27D-C88A1C32CCB2}.RelWithDebInfo|x64.ActiveCfg = RelWithDebInfo|x64
		{25D382CF-4F10-36BA-A27D-C88A1C32CCB2}.RelWithDebInfo|x64.Build.0 = RelWithDebInfo|x64
		{A9D6395F-602D-3C75-A138-985C646E32DF}.Debug|x64.ActiveCfg = Debug|x64
		{A9D6395F-602D-3C75-A138-985C646E32DF}.Debug|x64.Build.0 = Debug|x64
		{A9D6395F-602D-3C75-A138-985C646E32DF}.Release|x64.ActiveCfg = Release|x64
		{A9D6395F-602D-3C75-A138-985C646E32DF}.Release|x64.Build.0 = Release|x64
		{A9D6395F-602D-3C75-A138-985C646E32DF}.MinSizeRel|x64.ActiveCfg = MinSizeRel|x64
		{A9D6395F-602D-3C75-A138-985C646E32DF}.MinSizeRel|x64.Build.0 = MinSizeRel|x64
		{A9D6395F-602D-3C75-A138-985C646E32DF}.RelWithDebInfo|x64.ActiveCfg = RelWithDebInfo|x64
		{A9D6395F-602D-3C75-A138-985C646E32DF}.RelWithDebInfo|x64.Build.0 = RelWithDebInfo|x64
		{734E1E61-EA04-3936-BC5D-6E5A15277EDD}.Debug|x64.ActiveCfg = Debug|x64
		{734E1E61-EA04-3936-BC5D-6E5A15277EDD}.Debug|x64.Build.0 = Debug|x64
		{734E1E61-EA04-3936-BC5D-6E5A15277EDD}.Release|x64.ActiveCfg = Release|x64
		{734E1E61-EA04-3936-BC5D-6E5A15277EDD}.Release|x64.Build.0 = Release|x64
		{734E1E61-EA04-3936-BC5D-6E5A15277EDD}.MinSizeRel|x64.ActiveCfg = MinSizeRel|x64
		{734E1E61-EA04-3936-BC5D-6E5A15277EDD}.MinSizeRel|x64.Build.0 = MinSizeRel|x64
		{734E1E61-EA04-3936-BC5D-6E5A15277EDD}.RelWithDebInfo|x64.ActiveCfg = RelWithDebInfo|x64
		{734E1E61-EA04-3936-BC5D-6E5A15277EDD}.RelWithDebInfo|x64.Build.0 = RelWithDebInfo|x64
		{8DEBA803-147A-337D-B3D7-89C68736709C}.Debug|x64.ActiveCfg = Debug|x64
		{8DEBA803-147A-337D-B3D7-89C68736709C}.Debug|x64.Build.0 = Debug|x64
		{8DEBA803-147A-337D-B3D7-89C68736709C}.Release|x64.ActiveCfg = Release|x64
		{8DEBA803-147A-337D-B3D7-89C68736709C}.Release|x64.Build.0 = Release|x64
		{8DEBA803-147A-337D-B3D7-89C68736709C}.MinSizeRel|x64.ActiveCfg = MinSizeRel|x64
		{8DEBA803-147A-337D-B3D7-89C68736709C}.MinSizeRel|x64.Build.0 = MinSizeRel|x64
		{8DEBA803-147A-337D-B3D7-89C68736709C}.RelWithDebInfo|x64.ActiveCfg = RelWithDebInfo|x64
		{8DEBA803-147A-337D-B3D7-89C68736709C}.RelWithDebInfo|x64.Build.0 = RelWithDebInfo|x64
		{785A03D3-A5D4-3195-84AC-6A1512A81957}.Debug|x64.ActiveCfg = Debug|x64
		{785A03D3-A5D4-3195-84AC-6A1512A81957}.Debug|x64.Build.0 = Debug|x64
		{785A03D3-A5D4-3195-84AC-6A1512A81957}.Release|x64.ActiveCfg = Release|x64
		{785A03D3-A5D4-3195-84AC-6A1512A81957}.Release|x64.Build.0 = Release|x64
		{785A03D3-A5D4-3195-84AC-6A1512A81957}.MinSizeRel|x64.ActiveCfg = MinSizeRel|x64
		{785A03D3-A5D4-3195-84AC-6A1512A81957}.MinSizeRel|x64.Build.0 = MinSizeRel|x64
		{785A03D3-A5D4-3195-84AC-6A1512A81957}.RelWithDebInfo|x64.ActiveCfg = RelWithDebInfo|x64
		{785A03D3-A5D4-3195-84AC-6A1512A81957}.RelWithDebInfo|x64.Build.0 = RelWithDebInfo|x64
		{75376F95-A931-3EAA-86E6-EF7395A7312F}.Debug|x64.ActiveCfg = Debug|x64
		{75376F95-A931-3EAA-86E6-EF7395A7312F}.Debug|x64.Build.0 = Debug|x64
		{75376F95-A931-3EAA-86E6-EF7395A7312F}.Release|x64.ActiveCfg = Release|x64
		{75376F95-A931-3EAA-86E6-EF7395A7312F}.Release|x64.Build.0 = Release|x64
		{75376F95-A931-3EAA-86E6-EF7395A7312F}.MinSizeRel|x64.ActiveCfg = MinSizeRel|x64
		{75376F95-A931-3EAA-86E6-EF7395A7312F}.MinSizeRel|x64.Build.0 = MinSizeRel|x64
		{75376F95-A931-3EAA-86E6-EF7395A7312F}.RelWithDebInfo|x64.ActiveCfg = RelWithDebInfo|x64
		{75376F95-A931-3EAA-86E6-EF7395A7312F}.RelWithDebInfo|x64.Build.0 = RelWithDebInfo|x64
		{DA53CD91-3587-3EFD-BE4A-3D837E22DA29}.Debug|x64.ActiveCfg = Debug|x64
		{DA53CD91-3587-3EFD-BE4A-3D837E22DA29}.Debug|x64.Build.0 = Debug|x64
		{DA53CD91-3587-3EFD-BE4A-3D837E22DA29}.Release|x64.ActiveCfg = Release|x64
		{DA53CD91-3587-3EFD-BE4A-3D837E22DA29}.Release|x64.Build.0 = Release|x64
		{DA53CD91-3587-3EFD-BE4A-3D837E22DA29}.MinSizeRel|x64.ActiveCfg = MinSizeRel|x64
		{DA53CD91-3587-3EFD-BE4A-3D837E22DA29}.MinSizeRel|x64.Build.0 = MinSizeRel|x64
		{DA53CD91-3587-3EFD-BE4A-3D837E22DA29}.RelWithDebInfo|x64.ActiveCfg = RelWithDebInfo|x64
		{DA53CD91-3587-3EFD-BE4A-3D837E22DA29}.RelWithDebInfo|x64.Build.0 = RelWithDebInfo|x64
		{18DA13DD-5184-3A82-8582-C0D4FCA9DC63}.Debug|x64.ActiveCfg = Debug|x64
		{18DA13DD-5184-3A82-8582-C0D4FCA9DC63}.Debug|x64.Build.0 = Debug|x64
		{18DA13DD-5184-3A82-8582-C0D4FCA9DC63}.Release|x64.ActiveCfg = Release|x64
		{18DA13DD-5184-3A82-8582-C0D4FCA9DC63}.Release|x64.Build.0 = Release|x64
		{18DA13DD-5184-3A82-8582-C0D4FCA9DC63}.MinSizeRel|x64.ActiveCfg = MinSizeRel|x64
		{18DA13DD-5184-3A82-8582-C0D4FCA9DC63}.MinSizeRel|x64.Build.0 = MinSizeRel|x64
		{18DA13DD-5184-3A82-8582-C0D4FCA9DC63}.RelWithDebInfo|x64.ActiveCfg = RelWithDebInfo|x64
		{18DA13DD-5184-3A82-8582-C0D4FCA9DC63}.RelWithDebInfo|x64.Build.0 = RelWithDebInfo|x64
		{97F48E4B-079B-3E51-B714-76914F996976}.Debug|x64.ActiveCfg = Debug|x64
		{97F48E4B-079B-3E51-B714-76914F996976}.Debug|x64.Build.0 = Debug|x64
		{97F48E4B-079B-3E51-B714-76914F996976}.Release|x64.ActiveCfg = Release|x64
		{97F48E4B-079B-3E51-B714-76914F996976}.Release|x64.Build.0 = Release|x64
		{97F48E4B-079B-3E51-B714-76914F996976}.MinSizeRel|x64.ActiveCfg = MinSizeRel|x64
		{97F48E4B-079B-3E51-B714-76914F996976}.MinSizeRel|x64.Build.0 = MinSizeRel|x64
		{97F48E4B-079B-3E51-B714-76914F996976}.RelWithDebInfo|x64.ActiveCfg = RelWithDebInfo|x64
		{97F48E4B-079B-3E51-B714-76914F996976}.RelWithDebInfo|x64.Build.0 = RelWithDebInfo|x64
		{98072B84-2369-37D0-84AD-9262CA1037A7}.Debug|x64.ActiveCfg = Debug|x64
		{98072B84-2369-37D0-84AD-9262CA1037A7}.Debug|x64.Build.0 = Debug|x64
		{98072B84-2369-37D0-84AD-9262CA1037A7}.Release|x64.ActiveCfg = Release|x64
		{98072B84-2369-37D0-84AD-9262CA1037A7}.Release|x64.Build.0 = Release|x64
		{98072B84-2369-37D0-84AD-9262CA1037A7}.MinSizeRel|x64.ActiveCfg = MinSizeRel|x64
		{98072B84-2369-37D0-84AD-9262CA1037A7}.MinSizeRel|x64.Build.0 = MinSizeRel|x64
		{98072B84-2369-37D0-84AD-9262CA1037A7}.RelWithDebInfo|x64.ActiveCfg = RelWithDebInfo|x64
		{98072B84-2369-37D0-84AD-9262CA1037A7}.RelWithDebInfo|x64.Build.0 = RelWithDebInfo|x64
		{5CE17776-9EFA-3184-B0D8-996633237A53}.Debug|x64.ActiveCfg = Debug|x64
		{5CE17776-9EFA-3184-B0D8-996633237A53}.Debug|x64.Build.0 = Debug|x64
		{5CE17776-9EFA-3184-B0D8-996633237A53}.Release|x64.ActiveCfg = Release|x64
		{5CE17776-9EFA-3184-B0D8-996633237A53}.Release|x64.Build.0 = Release|x64
		{5CE17776-9EFA-3184-B0D8-996633237A53}.MinSizeRel|x64.ActiveCfg = MinSizeRel|x64
		{5CE17776-9EFA-3184-B0D8-996633237A53}.MinSizeRel|x64.Build.0 = MinSizeRel|x64
		{5CE17776-9EFA-3184-B0D8-996633237A53}.RelWithDebInfo|x64.ActiveCfg = RelWithDebInfo|x64
		{5CE17776-9EFA-3184-B0D8-996633237A53}.RelWithDebInfo|x64.Build.0 = RelWithDebInfo|x64
		{AEFD9330-E5BB-35BA-A694-4514BA16761A}.Debug|x64.ActiveCfg = Debug|x64
		{AEFD9330-E5BB-35BA-A694-4514BA16761A}.Debug|x64.Build.0 = Debug|x64
		{AEFD9330-E5BB-35BA-A694-4514BA16761A}.Release|x64.ActiveCfg = Release|x64
		{AEFD9330-E5BB-35BA-A694-4514BA16761A}.Release|x64.Build.0 = Release|x64
		{AEFD9330-E5BB-35BA-A694-4514BA16761A}.MinSizeRel|x64.ActiveCfg = MinSizeRel|x64
		{AEFD9330-E5BB-35BA-A694-4514BA16761A}.MinSizeRel|x64.Build.0 = MinSizeRel|x64
		{AEFD9330-E5BB-35BA-A694-4514BA16761A}.RelWithDebInfo|x64.ActiveCfg = RelWithDebInfo|x64
		{AEFD9330-E5BB-35BA-A694-4514BA16761A}.RelWithDebInfo|x64.Build.0 = RelWithDebInfo|x64
		{C09A83CB-FAE8-39E8-9DDE-892ECDCA83BF}.Debug|x64.ActiveCfg = Debug|x64
		{C09A83CB-FAE8-39E8-9DDE-892ECDCA83BF}.Debug|x64.Build.0 = Debug|x64
		{C09A83CB-FAE8-39E8-9DDE-892ECDCA83BF}.Release|x64.ActiveCfg = Release|x64
		{C09A83CB-FAE8-39E8-9DDE-892ECDCA83BF}.Release|x64.Build.0 = Release|x64
		{C09A83CB-FAE8-39E8-9DDE-892ECDCA83BF}.MinSizeRel|x64.ActiveCfg = MinSizeRel|x64
		{C09A83CB-FAE8-39E8-9DDE-892ECDCA83BF}.MinSizeRel|x64.Build.0 = MinSizeRel|x64
		{C09A83CB-FAE8-39E8-9DDE-892ECDCA83BF}.RelWithDebInfo|x64.ActiveCfg = RelWithDebInfo|x64
		{C09A83CB-FAE8-39E8-9DDE-892ECDCA83BF}.RelWithDebInfo|x64.Build.0 = RelWithDebInfo|x64
		{693852C3-0EB7-35AC-9C55-F4D2190848CC}.Debug|x64.ActiveCfg = Debug|x64
		{693852C3-0EB7-35AC-9C55-F4D2190848CC}.Debug|x64.Build.0 = Debug|x64
		{693852C3-0EB7-35AC-9C55-F4D2190848CC}.Release|x64.ActiveCfg = Release|x64
		{693852C3-0EB7-35AC-9C55-F4D2190848CC}.Release|x64.Build.0 = Release|x64
		{693852C3-0EB7-35AC-9C55-F4D2190848CC}.MinSizeRel|x64.ActiveCfg = MinSizeRel|x64
		{693852C3-0EB7-35AC-9C55-F4D2190848CC}.MinSizeRel|x64.Build.0 = MinSizeRel|x64
		{693852C3-0EB7-35AC-9C55-F4D2190848CC}.RelWithDebInfo|x64.ActiveCfg = RelWithDebInfo|x64
		{693852C3-0EB7-35AC-9C55-F4D2190848CC}.RelWithDebInfo|x64.Build.0 = RelWithDebInfo|x64
		{7A4FBB29-0651-3744-9048-553AEEAFAA09}.Debug|x64.ActiveCfg = Debug|x64
		{7A4FBB29-0651-3744-9048-553AEEAFAA09}.Debug|x64.Build.0 = Debug|x64
		{7A4FBB29-0651-3744-9048-553AEEAFAA09}.Release|x64.ActiveCfg = Release|x64
		{7A4FBB29-0651-3744-9048-553AEEAFAA09}.Release|x64.Build.0 = Release|x64
		{7A4FBB29-0651-3744-9048-553AEEAFAA09}.MinSizeRel|x64.ActiveCfg = MinSizeRel|x64
		{7A4FBB29-0651-3744-9048-553AEEAFAA09}.MinSizeRel|x64.Build.0 = MinSizeRel|x64
		{7A4FBB29-0651-3744-9048-553AEEAFAA09}.RelWithDebInfo|x64.ActiveCfg = RelWithDebInfo|x64
		{7A4FBB29-0651-3744-9048-553AEEAFAA09}.RelWithDebInfo|x64.Build.0 = RelWithDebInfo|x64
		{C8BF0CB1-D4EF-3EED-B80A-9E32565352BD}.Debug|x64.ActiveCfg = Debug|x64
		{C8BF0CB1-D4EF-3EED-B80A-9E32565352BD}.Debug|x64.Build.0 = Debug|x64
		{C8BF0CB1-D4EF-3EED-B80A-9E32565352BD}.Release|x64.ActiveCfg = Release|x64
		{C8BF0CB1-D4EF-3EED-B80A-9E32565352BD}.Release|x64.Build.0 = Release|x64
		{C8BF0CB1-D4EF-3EED-B80A-9E32565352BD}.MinSizeRel|x64.ActiveCfg = MinSizeRel|x64
		{C8BF0CB1-D4EF-3EED-B80A-9E32565352BD}.MinSizeRel|x64.Build.0 = MinSizeRel|x64
		{C8BF0CB1-D4EF-3EED-B80A-9E32565352BD}.RelWithDebInfo|x64.ActiveCfg = RelWithDebInfo|x64
		{C8BF0CB1-D4EF-3EED-B80A-9E32565352BD}.RelWithDebInfo|x64.Build.0 = RelWithDebInfo|x64
		{8F8D6A94-CB1A-333F-AFE2-4A464903D377}.Debug|x64.ActiveCfg = Debug|x64
		{8F8D6A94-CB1A-333F-AFE2-4A464903D377}.Debug|x64.Build.0 = Debug|x64
		{8F8D6A94-CB1A-333F-AFE2-4A464903D377}.Release|x64.ActiveCfg = Release|x64
		{8F8D6A94-CB1A-333F-AFE2-4A464903D377}.Release|x64.Build.0 = Release|x64
		{8F8D6A94-CB1A-333F-AFE2-4A464903D377}.MinSizeRel|x64.ActiveCfg = MinSizeRel|x64
		{8F8D6A94-CB1A-333F-AFE2-4A464903D377}.MinSizeRel|x64.Build.0 = MinSizeRel|x64
		{8F8D6A94-CB1A-333F-AFE2-4A464903D377}.RelWithDebInfo|x64.ActiveCfg = RelWithDebInfo|x64
		{8F8D6A94-CB1A-333F-AFE2-4A464903D377}.RelWithDebInfo|x64.Build.0 = RelWithDebInfo|x64
		{9B915B4C-8217-39B7-B48C-FA1B9DF21E3F}.Debug|x64.ActiveCfg = Debug|x64
		{9B915B4C-8217-39B7-B48C-FA1B9DF21E3F}.Debug|x64.Build.0 = Debug|x64
		{9B915B4C-8217-39B7-B48C-FA1B9DF21E3F}.Release|x64.ActiveCfg = Release|x64
		{9B915B4C-8217-39B7-B48C-FA1B9DF21E3F}.Release|x64.Build.0 = Release|x64
		{9B915B4C-8217-39B7-B48C-FA1B9DF21E3F}.MinSizeRel|x64.ActiveCfg = MinSizeRel|x64
		{9B915B4C-8217-39B7-B48C-FA1B9DF21E3F}.MinSizeRel|x64.Build.0 = MinSizeRel|x64
		{9B915B4C-8217-39B7-B48C-FA1B9DF21E3F}.RelWithDebInfo|x64.ActiveCfg = RelWithDebInfo|x64
		{9B915B4C-8217-39B7-B48C-FA1B9DF21E3F}.RelWithDebInfo|x64.Build.0 = RelWithDebInfo|x64
		{8C536D28-C2C2-3C8C-8A06-C73CFDE6A24F}.Debug|x64.ActiveCfg = Debug|x64
		{8C536D28-C2C2-3C8C-8A06-C73CFDE6A24F}.Debug|x64.Build.0 = Debug|x64
		{8C536D28-C2C2-3C8C-8A06-C73CFDE6A24F}.Release|x64.ActiveCfg = Release|x64
		{8C536D28-C2C2-3C8C-8A06-C73CFDE6A24F}.Release|x64.Build.0 = Release|x64
		{8C536D28-C2C2-3C8C-8A06-C73CFDE6A24F}.MinSizeRel|x64.ActiveCfg = MinSizeRel|x64
		{8C536D28-C2C2-3C8C-8A06-C73CFDE6A24F}.MinSizeRel|x64.Build.0 = MinSizeRel|x64
		{8C536D28-C2C2-3C8C-8A06-C73CFDE6A24F}.RelWithDebInfo|x64.ActiveCfg = RelWithDebInfo|x64
		{8C536D28-C2C2-3C8C-8A06-C73CFDE6A24F}.RelWithDebInfo|x64.Build.0 = RelWithDebInfo|x64
		{F9E5471B-4B1A-347A-B6D4-7352AF8DE6A0}.Debug|x64.ActiveCfg = Debug|x64
		{F9E5471B-4B1A-347A-B6D4-7352AF8DE6A0}.Debug|x64.Build.0 = Debug|x64
		{F9E5471B-4B1A-347A-B6D4-7352AF8DE6A0}.Release|x64.ActiveCfg = Release|x64
		{F9E5471B-4B1A-347A-B6D4-7352AF8DE6A0}.Release|x64.Build.0 = Release|x64
		{F9E5471B-4B1A-347A-B6D4-7352AF8DE6A0}.MinSizeRel|x64.ActiveCfg = MinSizeRel|x64
		{F9E5471B-4B1A-347A-B6D4-7352AF8DE6A0}.MinSizeRel|x64.Build.0 = MinSizeRel|x64
		{F9E5471B-4B1A-347A-B6D4-7352AF8DE6A0}.RelWithDebInfo|x64.ActiveCfg = RelWithDebInfo|x64
		{F9E5471B-4B1A-347A-B6D4-7352AF8DE6A0}.RelWithDebInfo|x64.Build.0 = RelWithDebInfo|x64
		{5E898F5F-A198-3C89-885B-EBBA01A378B3}.Debug|x64.ActiveCfg = Debug|x64
		{5E898F5F-A198-3C89-885B-EBBA01A378B3}.Debug|x64.Build.0 = Debug|x64
		{5E898F5F-A198-3C89-885B-EBBA01A378B3}.Release|x64.ActiveCfg = Release|x64
		{5E898F5F-A198-3C89-885B-EBBA01A378B3}.Release|x64.Build.0 = Release|x64
		{5E898F5F-A198-3C89-885B-EBBA01A378B3}.MinSizeRel|x64.ActiveCfg = MinSizeRel|x64
		{5E898F5F-A198-3C89-885B-EBBA01A378B3}.MinSizeRel|x64.Build.0 = MinSizeRel|x64
		{5E898F5F-A198-3C89-885B-EBBA01A378B3}.RelWithDebInfo|x64.ActiveCfg = RelWithDebInfo|x64
		{5E898F5F-A198-3C89-885B-EBBA01A378B3}.RelWithDebInfo|x64.Build.0 = RelWithDebInfo|x64
		{29B36C97-FD4E-3B53-82D9-5807DB995376}.Debug|x64.ActiveCfg = Debug|x64
		{29B36C97-FD4E-3B53-82D9-5807DB995376}.Debug|x64.Build.0 = Debug|x64
		{29B36C97-FD4E-3B53-82D9-5807DB995376}.Release|x64.ActiveCfg = Release|x64
		{29B36C97-FD4E-3B53-82D9-5807DB995376}.Release|x64.Build.0 = Release|x64
		{29B36C97-FD4E-3B53-82D9-5807DB995376}.MinSizeRel|x64.ActiveCfg = MinSizeRel|x64
		{29B36C97-FD4E-3B53-82D9-5807DB995376}.MinSizeRel|x64.Build.0 = MinSizeRel|x64
		{29B36C97-FD4E-3B53-82D9-5807DB995376}.RelWithDebInfo|x64.ActiveCfg = RelWithDebInfo|x64
		{29B36C97-FD4E-3B53-82D9-5807DB995376}.RelWithDebInfo|x64.Build.0 = RelWithDebInfo|x64
		{9A9461A2-5D34-322C-82C3-B1E8963445C3}.Debug|x64.ActiveCfg = Debug|x64
		{9A9461A2-5D34-322C-82C3-B1E8963445C3}.Release|x64.ActiveCfg = Release|x64
		{9A9461A2-5D34-322C-82C3-B1E8963445C3}.MinSizeRel|x64.ActiveCfg = MinSizeRel|x64
		{9A9461A2-5D34-322C-82C3-B1E8963445C3}.RelWithDebInfo|x64.ActiveCfg = RelWithDebInfo|x64
		{DE6E23BC-D885-39E3-A459-CC2836675EDD}.Debug|x64.ActiveCfg = Debug|x64
		{DE6E23BC-D885-39E3-A459-CC2836675EDD}.Release|x64.ActiveCfg = Release|x64
		{DE6E23BC-D885-39E3-A459-CC2836675EDD}.MinSizeRel|x64.ActiveCfg = MinSizeRel|x64
		{DE6E23BC-D885-39E3-A459-CC2836675EDD}.RelWithDebInfo|x64.ActiveCfg = RelWithDebInfo|x64
		{B93B4A9B-3454-3EC1-9B62-BB81FE0419BE}.Debug|x64.ActiveCfg = Debug|x64
		{B93B4A9B-3454-3EC1-9B62-BB81FE0419BE}.Debug|x64.Build.0 = Debug|x64
		{B93B4A9B-3454-3EC1-9B62-BB81FE0419BE}.Release|x64.ActiveCfg = Release|x64
		{B93B4A9B-3454-3EC1-9B62-BB81FE0419BE}.Release|x64.Build.0 = Release|x64
		{B93B4A9B-3454-3EC1-9B62-BB81FE0419BE}.MinSizeRel|x64.ActiveCfg = MinSizeRel|x64
		{B93B4A9B-3454-3EC1-9B62-BB81FE0419BE}.MinSizeRel|x64.Build.0 = MinSizeRel|x64
		{B93B4A9B-3454-3EC1-9B62-BB81FE0419BE}.RelWithDebInfo|x64.ActiveCfg = RelWithDebInfo|x64
		{B93B4A9B-3454-3EC1-9B62-BB81FE0419BE}.RelWithDebInfo|x64.Build.0 = RelWithDebInfo|x64
		{7687A49F-91BB-3874-9A04-38C09D2E4435}.Debug|x64.ActiveCfg = Debug|x64
		{7687A49F-91BB-3874-9A04-38C09D2E4435}.Debug|x64.Build.0 = Debug|x64
		{7687A49F-91BB-3874-9A04-38C09D2E4435}.Release|x64.ActiveCfg = Release|x64
		{7687A49F-91BB-3874-9A04-38C09D2E4435}.Release|x64.Build.0 = Release|x64
		{7687A49F-91BB-3874-9A04-38C09D2E4435}.MinSizeRel|x64.ActiveCfg = MinSizeRel|x64
		{7687A49F-91BB-3874-9A04-38C09D2E4435}.MinSizeRel|x64.Build.0 = MinSizeRel|x64
		{7687A49F-91BB-3874-9A04-38C09D2E4435}.RelWithDebInfo|x64.ActiveCfg = RelWithDebInfo|x64
		{7687A49F-91BB-3874-9A04-38C09D2E4435}.RelWithDebInfo|x64.Build.0 = RelWithDebInfo|x64
	EndGlobalSection
	GlobalSection(NestedProjects) = preSolution
		{2BF38206-3A34-3178-ABDC-0293494E4235} = {6BF5DCAE-BB2B-38B4-9984-BAA8DFEDD77C}
		{47341A03-C7CD-3657-840C-EB10049AB7CE} = {6BF5DCAE-BB2B-38B4-9984-BAA8DFEDD77C}
		{25817F52-A7EB-3D25-9FCD-0F7BC0CF5A36} = {6BF5DCAE-BB2B-38B4-9984-BAA8DFEDD77C}
		{2259D9F2-8A79-30DA-8D2F-DF2B8D0D388F} = {7E8C70A0-E912-33ED-A460-406DC3C96B73}
		{3E52E945-E7A6-333F-A5BB-8DFDE9F1684D} = {7E8C70A0-E912-33ED-A460-406DC3C96B73}
		{D4A428A9-7009-325A-A3D7-3DB58A62AEA4} = {7E8C70A0-E912-33ED-A460-406DC3C96B73}
		{A9D6395F-602D-3C75-A138-985C646E32DF} = {7E8C70A0-E912-33ED-A460-406DC3C96B73}
		{9A9461A2-5D34-322C-82C3-B1E8963445C3} = {7E8C70A0-E912-33ED-A460-406DC3C96B73}
		{DE6E23BC-D885-39E3-A459-CC2836675EDD} = {7E8C70A0-E912-33ED-A460-406DC3C96B73}
		{98552D52-5CF5-3359-8A40-F77F748784F0} = {2259D9F2-8A79-30DA-8D2F-DF2B8D0D388F}
		{25D382CF-4F10-36BA-A27D-C88A1C32CCB2} = {2259D9F2-8A79-30DA-8D2F-DF2B8D0D388F}
		{8DEBA803-147A-337D-B3D7-89C68736709C} = {2259D9F2-8A79-30DA-8D2F-DF2B8D0D388F}
		{5CE17776-9EFA-3184-B0D8-996633237A53} = {2259D9F2-8A79-30DA-8D2F-DF2B8D0D388F}
		{C09A83CB-FAE8-39E8-9DDE-892ECDCA83BF} = {2259D9F2-8A79-30DA-8D2F-DF2B8D0D388F}
		{7A4FBB29-0651-3744-9048-553AEEAFAA09} = {2259D9F2-8A79-30DA-8D2F-DF2B8D0D388F}
		{C8BF0CB1-D4EF-3EED-B80A-9E32565352BD} = {2259D9F2-8A79-30DA-8D2F-DF2B8D0D388F}
		{8F8D6A94-CB1A-333F-AFE2-4A464903D377} = {2259D9F2-8A79-30DA-8D2F-DF2B8D0D388F}
		{B93B4A9B-3454-3EC1-9B62-BB81FE0419BE} = {2259D9F2-8A79-30DA-8D2F-DF2B8D0D388F}
		{13E8C0D4-E0E5-3810-BCC0-FCDA4E5B9587} = {3E52E945-E7A6-333F-A5BB-8DFDE9F1684D}
		{289C8B88-ED4F-345D-8495-2420F5C269B0} = {3E52E945-E7A6-333F-A5BB-8DFDE9F1684D}
		{B48089F4-2C5D-3837-9370-6693367EFEAF} = {3E52E945-E7A6-333F-A5BB-8DFDE9F1684D}
		{9CDBF5E0-9F7F-3940-BEBA-B42B2B62E059} = {3E52E945-E7A6-333F-A5BB-8DFDE9F1684D}
		{6B5EBD96-C06A-3203-80BE-12A1D70529F4} = {3E52E945-E7A6-333F-A5BB-8DFDE9F1684D}
		{734E1E61-EA04-3936-BC5D-6E5A15277EDD} = {3E52E945-E7A6-333F-A5BB-8DFDE9F1684D}
		{785A03D3-A5D4-3195-84AC-6A1512A81957} = {3E52E945-E7A6-333F-A5BB-8DFDE9F1684D}
		{75376F95-A931-3EAA-86E6-EF7395A7312F} = {3E52E945-E7A6-333F-A5BB-8DFDE9F1684D}
		{DA53CD91-3587-3EFD-BE4A-3D837E22DA29} = {3E52E945-E7A6-333F-A5BB-8DFDE9F1684D}
		{18DA13DD-5184-3A82-8582-C0D4FCA9DC63} = {3E52E945-E7A6-333F-A5BB-8DFDE9F1684D}
		{97F48E4B-079B-3E51-B714-76914F996976} = {3E52E945-E7A6-333F-A5BB-8DFDE9F1684D}
		{98072B84-2369-37D0-84AD-9262CA1037A7} = {3E52E945-E7A6-333F-A5BB-8DFDE9F1684D}
		{AEFD9330-E5BB-35BA-A694-4514BA16761A} = {3E52E945-E7A6-333F-A5BB-8DFDE9F1684D}
		{693852C3-0EB7-35AC-9C55-F4D2190848CC} = {3E52E945-E7A6-333F-A5BB-8DFDE9F1684D}
		{9B915B4C-8217-39B7-B48C-FA1B9DF21E3F} = {3E52E945-E7A6-333F-A5BB-8DFDE9F1684D}
		{8C536D28-C2C2-3C8C-8A06-C73CFDE6A24F} = {3E52E945-E7A6-333F-A5BB-8DFDE9F1684D}
		{F9E5471B-4B1A-347A-B6D4-7352AF8DE6A0} = {3E52E945-E7A6-333F-A5BB-8DFDE9F1684D}
		{5E898F5F-A198-3C89-885B-EBBA01A378B3} = {3E52E945-E7A6-333F-A5BB-8DFDE9F1684D}
		{29B36C97-FD4E-3B53-82D9-5807DB995376} = {3E52E945-E7A6-333F-A5BB-8DFDE9F1684D}
		{7687A49F-91BB-3874-9A04-38C09D2E4435} = {3E52E945-E7A6-333F-A5BB-8DFDE9F1684D}
	EndGlobalSection
	GlobalSection(ExtensibilityGlobals) = postSolution
		SolutionGuid = {65099B97-B557-381C-9A2E-5454B3648EAB}
	EndGlobalSection
	GlobalSection(ExtensibilityAddIns) = postSolution
	EndGlobalSection
EndGlobal
